
Microsoft Visual Studio Solution File, Format Version 12.00
# Visual Studio Version 17
VisualStudioVersion = 17.8.34309.116
MinimumVisualStudioVersion = 10.0.40219.1
Project("{2150E333-8FDC-42A3-9474-1A3956D46DE8}") = "Itens de Solução", "Itens de Solução", "{DB9DBC41-D397-477F-A743-CE48EA73CC13}"
	ProjectSection(SolutionItems) = preProject
		.editorconfig = .editorconfig
		.gitattributes = .gitattributes
		.gitignore = .gitignore
		LICENSE = LICENSE
		README.md = README.md
	EndProjectSection
EndProject
Project("{9A19103F-16F7-4668-BE54-9A1E7A4F7556}") = "StarterDotNet", "src\StarterDotNet\StarterDotNet.csproj", "{4F2412CB-6031-4986-AE7D-F8172A08F06A}"
EndProject
Project("{9A19103F-16F7-4668-BE54-9A1E7A4F7556}") = "StarterDotNet.Identity", "src\StarterDotNet.Identity\StarterDotNet.Identity.csproj", "{C3174C0C-42CE-4E7E-A2F6-028940783DBB}"
EndProject
Project("{9A19103F-16F7-4668-BE54-9A1E7A4F7556}") = "StarterDotNet.AppRoutes", "src\StarterDotNet.AppRoutes\StarterDotNet.AppRoutes.csproj", "{EB600936-BA5E-4811-94E5-996829A71BDD}"
EndProject
Project("{9A19103F-16F7-4668-BE54-9A1E7A4F7556}") = "StarterDotNet.Blazor", "src\StarterDotNet.Blazor\StarterDotNet.Blazor.csproj", "{E8D26ACF-22C4-427B-BB73-F2946FF515A5}"
EndProject
Project("{FAE04EC0-301F-11D3-BF4B-00C04F79EFBC}") = "StarterDotNet.Sample", "samples\StarterDotNet.Sample\StarterDotNet.Sample.csproj", "{ADE15B46-5764-4B03-8C4E-4F5079A92E8B}"
EndProject
Global
	GlobalSection(SolutionConfigurationPlatforms) = preSolution
		Debug|Any CPU = Debug|Any CPU
		Release|Any CPU = Release|Any CPU
	EndGlobalSection
	GlobalSection(ProjectConfigurationPlatforms) = postSolution
		{4F2412CB-6031-4986-AE7D-F8172A08F06A}.Debug|Any CPU.ActiveCfg = Debug|Any CPU
		{4F2412CB-6031-4986-AE7D-F8172A08F06A}.Debug|Any CPU.Build.0 = Debug|Any CPU
		{4F2412CB-6031-4986-AE7D-F8172A08F06A}.Release|Any CPU.ActiveCfg = Release|Any CPU
		{4F2412CB-6031-4986-AE7D-F8172A08F06A}.Release|Any CPU.Build.0 = Release|Any CPU
		{C3174C0C-42CE-4E7E-A2F6-028940783DBB}.Debug|Any CPU.ActiveCfg = Debug|Any CPU
		{C3174C0C-42CE-4E7E-A2F6-028940783DBB}.Debug|Any CPU.Build.0 = Debug|Any CPU
		{C3174C0C-42CE-4E7E-A2F6-028940783DBB}.Release|Any CPU.ActiveCfg = Release|Any CPU
		{C3174C0C-42CE-4E7E-A2F6-028940783DBB}.Release|Any CPU.Build.0 = Release|Any CPU
		{EB600936-BA5E-4811-94E5-996829A71BDD}.Debug|Any CPU.ActiveCfg = Debug|Any CPU
		{EB600936-BA5E-4811-94E5-996829A71BDD}.Debug|Any CPU.Build.0 = Debug|Any CPU
		{EB600936-BA5E-4811-94E5-996829A71BDD}.Release|Any CPU.ActiveCfg = Release|Any CPU
		{EB600936-BA5E-4811-94E5-996829A71BDD}.Release|Any CPU.Build.0 = Release|Any CPU
		{E8D26ACF-22C4-427B-BB73-F2946FF515A5}.Debug|Any CPU.ActiveCfg = Debug|Any CPU
		{E8D26ACF-22C4-427B-BB73-F2946FF515A5}.Debug|Any CPU.Build.0 = Debug|Any CPU
		{E8D26ACF-22C4-427B-BB73-F2946FF515A5}.Release|Any CPU.ActiveCfg = Release|Any CPU
		{E8D26ACF-22C4-427B-BB73-F2946FF515A5}.Release|Any CPU.Build.0 = Release|Any CPU
		{ADE15B46-5764-4B03-8C4E-4F5079A92E8B}.Debug|Any CPU.ActiveCfg = Debug|Any CPU
		{ADE15B46-5764-4B03-8C4E-4F5079A92E8B}.Debug|Any CPU.Build.0 = Debug|Any CPU
		{ADE15B46-5764-4B03-8C4E-4F5079A92E8B}.Release|Any CPU.ActiveCfg = Release|Any CPU
		{ADE15B46-5764-4B03-8C4E-4F5079A92E8B}.Release|Any CPU.Build.0 = Release|Any CPU
	EndGlobalSection
	GlobalSection(SolutionProperties) = preSolution
		HideSolutionNode = FALSE
	EndGlobalSection
	GlobalSection(ExtensibilityGlobals) = postSolution
		SolutionGuid = {2111C755-8854-4514-844C-536705CD4641}
	EndGlobalSection
EndGlobal
